<?xml version="1.0" encoding="utf-8"?>
<Project ToolsVersion="4.0" xmlns="http://schemas.microsoft.com/developer/msbuild/2003">
  <ItemGroup>
    <Filter Include="Исходные файлы">
      <UniqueIdentifier>{4FC737F1-C7A5-4376-A066-2A32D752A2FF}</UniqueIdentifier>
      <Extensions>cpp;c;cc;cxx;def;odl;idl;hpj;bat;asm;asmx</Extensions>
    </Filter>
    <Filter Include="Файлы заголовков">
      <UniqueIdentifier>{93995380-89BD-4b04-88EB-625FBE52EBFB}</UniqueIdentifier>
      <Extensions>h;hh;hpp;hxx;hm;inl;inc;ipp;xsd</Extensions>
    </Filter>
    <Filter Include="Файлы ресурсов">
      <UniqueIdentifier>{67DA6AB6-F800-4c08-8B7A-83BB121AAD01}</UniqueIdentifier>
      <Extensions>rc;ico;cur;bmp;dlg;rc2;rct;bin;rgs;gif;jpg;jpeg;jpe;resx;tiff;tif;png;wav;mfcribbon-ms</Extensions>
    </Filter>
  </ItemGroup>
  <ItemGroup>
    <ClCompile Include="Smart_House.cpp">
      <Filter>Исходные файлы</Filter>
    </ClCompile>
    <ClCompile Include="Smart_House_Manager.cpp">
      <Filter>Исходные файлы</Filter>
    </ClCompile>
    <ClCompile Include="TSensors.cpp">
      <Filter>Исходные файлы</Filter>
    </ClCompile>
    <ClCompile Include="TSmartLight.cpp">
      <Filter>Исходные файлы</Filter>
    </ClCompile>
    <ClCompile Include="TTheSun.cpp">
      <Filter>Исходные файлы</Filter>
    </ClCompile>
    <ClCompile Include="TRoom.cpp">
      <Filter>Исходные файлы</Filter>
    </ClCompile>
    <ClCompile Include="TServerInfoFileWorker.cpp">
      <Filter>Исходные файлы</Filter>
    </ClCompile>
  </ItemGroup>
  <ItemGroup>
    <ClInclude Include="Smart_House_Manager.h">
      <Filter>Файлы заголовков</Filter>
    </ClInclude>
    <ClInclude Include="ISensors.h">
      <Filter>Файлы заголовков</Filter>
    </ClInclude>
    <ClInclude Include="TSensors.h">
      <Filter>Файлы заголовков</Filter>
    </ClInclude>
    <ClInclude Include="TLightSensors.h">
      <Filter>Файлы заголовков</Filter>
    </ClInclude>
    <ClInclude Include="TTemperatureSensors.h">
      <Filter>Файлы заголовков</Filter>
    </ClInclude>
    <ClInclude Include="THumiditySensors.h">
      <Filter>Файлы заголовков</Filter>
    </ClInclude>
    <ClInclude Include="ISmartItem.h">
      <Filter>Файлы заголовков</Filter>
    </ClInclude>
    <ClInclude Include="TSmartLight.h">
      <Filter>Файлы заголовков</Filter>
    </ClInclude>
    <ClInclude Include="TTheSun.h">
      <Filter>Файлы заголовков</Filter>
    </ClInclude>
    <ClInclude Include="TSmartLamp.h">
      <Filter>Файлы заголовков</Filter>
    </ClInclude>
    <ClInclude Include="TSmartJalousie.h">
      <Filter>Файлы заголовков</Filter>
    </ClInclude>
    <ClInclude Include="TRoom.h">
      <Filter>Файлы заголовков</Filter>
    </ClInclude>
    <ClInclude Include="IServerInfoWorker.h">
      <Filter>Файлы заголовков</Filter>
    </ClInclude>
    <ClInclude Include="TServerInfoFileWorker.h">
      <Filter>Файлы заголовков</Filter>
    </ClInclude>
  </ItemGroup>
</Project>