<?xml version="1.0" encoding="utf-8"?>
<Project ToolsVersion="4.0" xmlns="http://schemas.microsoft.com/developer/msbuild/2003">
  <ItemGroup>
    <ClCompile Include="Camera.cpp">
      <Filter>source</Filter>
    </ClCompile>
    <ClCompile Include="Main.cpp">
      <Filter>source</Filter>
    </ClCompile>
    <ClCompile Include="Mesh.cpp">
      <Filter>source</Filter>
    </ClCompile>
    <ClCompile Include="Model.cpp">
      <Filter>source</Filter>
    </ClCompile>
    <ClCompile Include="Shader.cpp">
      <Filter>source</Filter>
    </ClCompile>
    <ClCompile Include="SomeFunc.cpp">
      <Filter>source</Filter>
    </ClCompile>
  </ItemGroup>
  <ItemGroup>
    <ClInclude Include="SomeFunc.h">
      <Filter>header</Filter>
    </ClInclude>
    <ClInclude Include="Shader.h">
      <Filter>header</Filter>
    </ClInclude>
    <ClInclude Include="Model.h">
      <Filter>header</Filter>
    </ClInclude>
    <ClInclude Include="Mesh.h">
      <Filter>header</Filter>
    </ClInclude>
    <ClInclude Include="Camera.h">
      <Filter>header</Filter>
    </ClInclude>
  </ItemGroup>
  <ItemGroup>
    <Filter Include="source">
      <UniqueIdentifier>{3fab0538-8d2a-4db8-8b76-3d68c8f767a8}</UniqueIdentifier>
    </Filter>
    <Filter Include="header">
      <UniqueIdentifier>{7ed5a858-1925-48bb-8a4f-06f8395b7abf}</UniqueIdentifier>
    </Filter>
  </ItemGroup>
</Project>